
Microsoft Visual Studio Solution File, Format Version 12.00
# Visual Studio Version 17
VisualStudioVersion = 17.10.34916.146
MinimumVisualStudioVersion = 10.0.40219.1
Project("{9A19103F-16F7-4668-BE54-9A1E7A4F7556}") = "Publisher", "Publisher\Publisher.csproj", "{E652F450-94A2-43FF-A375-ECA29CD7A730}"
EndProject
Project("{9A19103F-16F7-4668-BE54-9A1E7A4F7556}") = "Subscriber", "Subscriber\Subscriber.csproj", "{13A9770F-012B-405C-9C5E-1522F6F4174B}"
EndProject
Project("{9A19103F-16F7-4668-BE54-9A1E7A4F7556}") = "RoutePublisher", "RoutePublisher\RoutePublisher.csproj", "{13F58D77-DCAC-4F77-B419-2C0ED3DB0BFB}"
EndProject
Project("{9A19103F-16F7-4668-BE54-9A1E7A4F7556}") = "RouteSubscriber", "RouteSubscriber\RouteSubscriber.csproj", "{336F7899-2D8A-4DA3-B4E2-A13240107DAB}"
EndProject
Project("{2150E333-8FDC-42A3-9474-1A3956D46DE8}") = "BasicMQ", "BasicMQ", "{4308D278-D3D0-41AD-8988-B66FBDA73154}"
EndProject
Project("{2150E333-8FDC-42A3-9474-1A3956D46DE8}") = "RouteMQ", "RouteMQ", "{400DF676-52DA-449A-A6B4-F9120A29E7A4}"
EndProject
Project("{2150E333-8FDC-42A3-9474-1A3956D46DE8}") = "DoubleQueueMQ", "DoubleQueueMQ", "{115952F9-743D-4178-9FC3-A53BD25F7FDA}"
EndProject
Project("{FAE04EC0-301F-11D3-BF4B-00C04F79EFBC}") = "Publisher", "Producer\Publisher.csproj", "{2159C8EF-5661-428A-B63D-1FCAD2CF18DA}"
EndProject
Project("{FAE04EC0-301F-11D3-BF4B-00C04F79EFBC}") = "FirstSubscriber", "FirstSubscriber\FirstSubscriber.csproj", "{A21ACDC9-5885-4B48-9754-DCA88106DDC3}"
EndProject
Project("{FAE04EC0-301F-11D3-BF4B-00C04F79EFBC}") = "Subscriber.Library", "Subscriber.Library\Subscriber.Library.csproj", "{4BFA48BE-19D9-4E17-A71B-D02EC4F30D3B}"
EndProject
Project("{FAE04EC0-301F-11D3-BF4B-00C04F79EFBC}") = "SecondSubscriber", "SecondSubscriber\SecondSubscriber.csproj", "{BC398CC8-EB74-46EF-B3EB-B5112C5474F2}"
EndProject
Global
	GlobalSection(SolutionConfigurationPlatforms) = preSolution
		Debug|Any CPU = Debug|Any CPU
		Release|Any CPU = Release|Any CPU
	EndGlobalSection
	GlobalSection(ProjectConfigurationPlatforms) = postSolution
		{E652F450-94A2-43FF-A375-ECA29CD7A730}.Debug|Any CPU.ActiveCfg = Debug|Any CPU
		{E652F450-94A2-43FF-A375-ECA29CD7A730}.Debug|Any CPU.Build.0 = Debug|Any CPU
		{E652F450-94A2-43FF-A375-ECA29CD7A730}.Release|Any CPU.ActiveCfg = Release|Any CPU
		{E652F450-94A2-43FF-A375-ECA29CD7A730}.Release|Any CPU.Build.0 = Release|Any CPU
		{13A9770F-012B-405C-9C5E-1522F6F4174B}.Debug|Any CPU.ActiveCfg = Debug|Any CPU
		{13A9770F-012B-405C-9C5E-1522F6F4174B}.Debug|Any CPU.Build.0 = Debug|Any CPU
		{13A9770F-012B-405C-9C5E-1522F6F4174B}.Release|Any CPU.ActiveCfg = Release|Any CPU
		{13A9770F-012B-405C-9C5E-1522F6F4174B}.Release|Any CPU.Build.0 = Release|Any CPU
		{13F58D77-DCAC-4F77-B419-2C0ED3DB0BFB}.Debug|Any CPU.ActiveCfg = Debug|Any CPU
		{13F58D77-DCAC-4F77-B419-2C0ED3DB0BFB}.Debug|Any CPU.Build.0 = Debug|Any CPU
		{13F58D77-DCAC-4F77-B419-2C0ED3DB0BFB}.Release|Any CPU.ActiveCfg = Release|Any CPU
		{13F58D77-DCAC-4F77-B419-2C0ED3DB0BFB}.Release|Any CPU.Build.0 = Release|Any CPU
		{336F7899-2D8A-4DA3-B4E2-A13240107DAB}.Debug|Any CPU.ActiveCfg = Debug|Any CPU
		{336F7899-2D8A-4DA3-B4E2-A13240107DAB}.Debug|Any CPU.Build.0 = Debug|Any CPU
		{336F7899-2D8A-4DA3-B4E2-A13240107DAB}.Release|Any CPU.ActiveCfg = Release|Any CPU
		{336F7899-2D8A-4DA3-B4E2-A13240107DAB}.Release|Any CPU.Build.0 = Release|Any CPU
		{2159C8EF-5661-428A-B63D-1FCAD2CF18DA}.Debug|Any CPU.ActiveCfg = Debug|Any CPU
		{2159C8EF-5661-428A-B63D-1FCAD2CF18DA}.Debug|Any CPU.Build.0 = Debug|Any CPU
		{2159C8EF-5661-428A-B63D-1FCAD2CF18DA}.Release|Any CPU.ActiveCfg = Release|Any CPU
		{2159C8EF-5661-428A-B63D-1FCAD2CF18DA}.Release|Any CPU.Build.0 = Release|Any CPU
		{A21ACDC9-5885-4B48-9754-DCA88106DDC3}.Debug|Any CPU.ActiveCfg = Debug|Any CPU
		{A21ACDC9-5885-4B48-9754-DCA88106DDC3}.Debug|Any CPU.Build.0 = Debug|Any CPU
		{A21ACDC9-5885-4B48-9754-DCA88106DDC3}.Release|Any CPU.ActiveCfg = Release|Any CPU
		{A21ACDC9-5885-4B48-9754-DCA88106DDC3}.Release|Any CPU.Build.0 = Release|Any CPU
		{4BFA48BE-19D9-4E17-A71B-D02EC4F30D3B}.Debug|Any CPU.ActiveCfg = Debug|Any CPU
		{4BFA48BE-19D9-4E17-A71B-D02EC4F30D3B}.Debug|Any CPU.Build.0 = Debug|Any CPU
		{4BFA48BE-19D9-4E17-A71B-D02EC4F30D3B}.Release|Any CPU.ActiveCfg = Release|Any CPU
		{4BFA48BE-19D9-4E17-A71B-D02EC4F30D3B}.Release|Any CPU.Build.0 = Release|Any CPU
		{BC398CC8-EB74-46EF-B3EB-B5112C5474F2}.Debug|Any CPU.ActiveCfg = Debug|Any CPU
		{BC398CC8-EB74-46EF-B3EB-B5112C5474F2}.Debug|Any CPU.Build.0 = Debug|Any CPU
		{BC398CC8-EB74-46EF-B3EB-B5112C5474F2}.Release|Any CPU.ActiveCfg = Release|Any CPU
		{BC398CC8-EB74-46EF-B3EB-B5112C5474F2}.Release|Any CPU.Build.0 = Release|Any CPU
	EndGlobalSection
	GlobalSection(SolutionProperties) = preSolution
		HideSolutionNode = FALSE
	EndGlobalSection
	GlobalSection(NestedProjects) = preSolution
		{E652F450-94A2-43FF-A375-ECA29CD7A730} = {4308D278-D3D0-41AD-8988-B66FBDA73154}
		{13A9770F-012B-405C-9C5E-1522F6F4174B} = {4308D278-D3D0-41AD-8988-B66FBDA73154}
		{13F58D77-DCAC-4F77-B419-2C0ED3DB0BFB} = {400DF676-52DA-449A-A6B4-F9120A29E7A4}
		{336F7899-2D8A-4DA3-B4E2-A13240107DAB} = {400DF676-52DA-449A-A6B4-F9120A29E7A4}
		{2159C8EF-5661-428A-B63D-1FCAD2CF18DA} = {115952F9-743D-4178-9FC3-A53BD25F7FDA}
		{A21ACDC9-5885-4B48-9754-DCA88106DDC3} = {115952F9-743D-4178-9FC3-A53BD25F7FDA}
		{4BFA48BE-19D9-4E17-A71B-D02EC4F30D3B} = {115952F9-743D-4178-9FC3-A53BD25F7FDA}
		{BC398CC8-EB74-46EF-B3EB-B5112C5474F2} = {115952F9-743D-4178-9FC3-A53BD25F7FDA}
	EndGlobalSection
	GlobalSection(ExtensibilityGlobals) = postSolution
		SolutionGuid = {E07BDDB9-3184-4E37-92F0-4C372E90D3CF}
	EndGlobalSection
EndGlobal
